// !$*UTF8*$!
{
	archiveVersion = 1;
	classes = {
	};
	objectVersion = 56;
	objects = {

/* Begin PBXBuildFile section */
		1709E8B62920FB1300D0B059 /* LigthSwitchView.swift in Sources */ = {isa = PBXBuildFile; fileRef = 1709E8B52920FB1300D0B059 /* LigthSwitchView.swift */; };
		1709E8B9292104FC00D0B059 /* WifiView.swift in Sources */ = {isa = PBXBuildFile; fileRef = 1709E8B8292104FC00D0B059 /* WifiView.swift */; };
		1709E8BB2921052100D0B059 /* CirclesView.swift in Sources */ = {isa = PBXBuildFile; fileRef = 1709E8BA2921052100D0B059 /* CirclesView.swift */; };
		170D2BA4291F617C00C16795 /* MakeSomeWaves.swift in Sources */ = {isa = PBXBuildFile; fileRef = 170D2BA3291F617C00C16795 /* MakeSomeWaves.swift */; };
		170D2BA6291F61F300C16795 /* WaveView.swift in Sources */ = {isa = PBXBuildFile; fileRef = 170D2BA5291F61F300C16795 /* WaveView.swift */; };
		170D2BA9291F6E9D00C16795 /* BuoyView.swift in Sources */ = {isa = PBXBuildFile; fileRef = 170D2BA8291F6E9D00C16795 /* BuoyView.swift */; };
		170D2BAB291F793400C16795 /* HeartAnimate.swift in Sources */ = {isa = PBXBuildFile; fileRef = 170D2BAA291F793400C16795 /* HeartAnimate.swift */; };
		170D2BAD291F796300C16795 /* HeartShape.swift in Sources */ = {isa = PBXBuildFile; fileRef = 170D2BAC291F796300C16795 /* HeartShape.swift */; };
		170D2BB1291F843100C16795 /* ExpandView.swift in Sources */ = {isa = PBXBuildFile; fileRef = 170D2BB0291F843100C16795 /* ExpandView.swift */; };
		170D2BB3291F84B400C16795 /* ExpandingView.swift in Sources */ = {isa = PBXBuildFile; fileRef = 170D2BB2291F84B400C16795 /* ExpandingView.swift */; };
		17160F21293DEA340066A08E /* SwingView.swift in Sources */ = {isa = PBXBuildFile; fileRef = 17160F20293DEA340066A08E /* SwingView.swift */; };
		17160F26293DF0AC0066A08E /* Character.swift in Sources */ = {isa = PBXBuildFile; fileRef = 17160F25293DF0AC0066A08E /* Character.swift */; };
		1721D1E42911732100DC3995 /* TwinklingStars.swift in Sources */ = {isa = PBXBuildFile; fileRef = 1721D1E32911732100DC3995 /* TwinklingStars.swift */; };
		1728087C2903B28A00A18075 /* PacktSampleSwiftUIApp.swift in Sources */ = {isa = PBXBuildFile; fileRef = 1728087B2903B28A00A18075 /* PacktSampleSwiftUIApp.swift */; };
		1728087E2903B28A00A18075 /* MenuView.swift in Sources */ = {isa = PBXBuildFile; fileRef = 1728087D2903B28A00A18075 /* MenuView.swift */; };
		172808802903B28B00A18075 /* Assets.xcassets in Resources */ = {isa = PBXBuildFile; fileRef = 1728087F2903B28B00A18075 /* Assets.xcassets */; };
		172808832903B28B00A18075 /* Preview Assets.xcassets in Resources */ = {isa = PBXBuildFile; fileRef = 172808822903B28B00A18075 /* Preview Assets.xcassets */; };
		1728088B2903BF6000A18075 /* ImageExample2.swift in Sources */ = {isa = PBXBuildFile; fileRef = 1728088A2903BF6000A18075 /* ImageExample2.swift */; };
		1728088E2903C00400A18075 /* CircleAnimation.swift in Sources */ = {isa = PBXBuildFile; fileRef = 1728088D2903C00400A18075 /* CircleAnimation.swift */; };
		172808902903C60E00A18075 /* RecordPlayer.swift in Sources */ = {isa = PBXBuildFile; fileRef = 1728088F2903C60E00A18075 /* RecordPlayer.swift */; };
		172808922903C73500A18075 /* RecordPlayerBox.swift in Sources */ = {isa = PBXBuildFile; fileRef = 172808912903C73500A18075 /* RecordPlayerBox.swift */; };
		172808952903CB8B00A18075 /* Readme.rtf in Resources */ = {isa = PBXBuildFile; fileRef = 172808942903CB8B00A18075 /* Readme.rtf */; };
		172808972903CBC200A18075 /* RecordPlayer.xcassets in Resources */ = {isa = PBXBuildFile; fileRef = 172808962903CBC200A18075 /* RecordPlayer.xcassets */; };
		172808992903CEAF00A18075 /* RecordView.swift in Sources */ = {isa = PBXBuildFile; fileRef = 172808982903CEAF00A18075 /* RecordView.swift */; };
		1728089B2903D14700A18075 /* ArmView.swift in Sources */ = {isa = PBXBuildFile; fileRef = 1728089A2903D14700A18075 /* ArmView.swift */; };
		1728089E2903D5C100A18075 /* PlayRecordSound.swift in Sources */ = {isa = PBXBuildFile; fileRef = 1728089D2903D5C100A18075 /* PlayRecordSound.swift */; };
		172808A22903DEA500A18075 /* recordMusic.m4a in Resources */ = {isa = PBXBuildFile; fileRef = 1728089C2903D30E00A18075 /* recordMusic.m4a */; };
		172CC2FA2905260E0059A310 /* HueRotationExample.swift in Sources */ = {isa = PBXBuildFile; fileRef = 172CC2F92905260E0059A310 /* HueRotationExample.swift */; };
		172CC2FC29052C590059A310 /* BreathingFlower.swift in Sources */ = {isa = PBXBuildFile; fileRef = 172CC2FB29052C590059A310 /* BreathingFlower.swift */; };
		172CC2FE29053C380059A310 /* PatrioticBird.swift in Sources */ = {isa = PBXBuildFile; fileRef = 172CC2FD29053C380059A310 /* PatrioticBird.swift */; };
		17342D1529162B8B00EA95F4 /* WeatherUIView.swift in Sources */ = {isa = PBXBuildFile; fileRef = 17342D1429162B8B00EA95F4 /* WeatherUIView.swift */; };
		17342D1729162D6B00EA95F4 /* DataWeatherModel.swift in Sources */ = {isa = PBXBuildFile; fileRef = 17342D1629162D6B00EA95F4 /* DataWeatherModel.swift */; };
		17342D19291630FF00EA95F4 /* WeatherPickerView.swift in Sources */ = {isa = PBXBuildFile; fileRef = 17342D18291630FF00EA95F4 /* WeatherPickerView.swift */; };
		17342D1B2916352100EA95F4 /* WeeklyGraph.swift in Sources */ = {isa = PBXBuildFile; fileRef = 17342D1A2916352100EA95F4 /* WeeklyGraph.swift */; };
		17342D1D2916499C00EA95F4 /* SunMoonToggleView.swift in Sources */ = {isa = PBXBuildFile; fileRef = 17342D1C2916499C00EA95F4 /* SunMoonToggleView.swift */; };
		17342D2029164D1600EA95F4 /* SunMoonToggleStyle in Frameworks */ = {isa = PBXBuildFile; productRef = 17342D1F29164D1600EA95F4 /* SunMoonToggleStyle */; };
		17342D242916554300EA95F4 /* elevatorChime.m4a in Resources */ = {isa = PBXBuildFile; fileRef = 17342D232916554300EA95F4 /* elevatorChime.m4a */; };
		17342D262916554C00EA95F4 /* doorsOpenClose.m4a in Resources */ = {isa = PBXBuildFile; fileRef = 17342D252916554C00EA95F4 /* doorsOpenClose.m4a */; };
		17342D29291655EB00EA95F4 /* GearsAndBelts.swift in Sources */ = {isa = PBXBuildFile; fileRef = 17342D28291655EB00EA95F4 /* GearsAndBelts.swift */; };
		17342D2B291656F600EA95F4 /* GearsAndBelts.xcassets in Resources */ = {isa = PBXBuildFile; fileRef = 17342D2A291656F600EA95F4 /* GearsAndBelts.xcassets */; };
		17342D2D2916576A00EA95F4 /* GearView.swift in Sources */ = {isa = PBXBuildFile; fileRef = 17342D2C2916576A00EA95F4 /* GearView.swift */; };
		17342D2F29165D7100EA95F4 /* WormGearView.swift in Sources */ = {isa = PBXBuildFile; fileRef = 17342D2E29165D7100EA95F4 /* WormGearView.swift */; };
		173EF623290E4B660049A3F1 /* ParallaxEffect.swift in Sources */ = {isa = PBXBuildFile; fileRef = 173EF622290E4B660049A3F1 /* ParallaxEffect.swift */; };
		173EF625290E51800049A3F1 /* Elevator.swift in Sources */ = {isa = PBXBuildFile; fileRef = 173EF624290E51800049A3F1 /* Elevator.swift */; };
		173EF62A290E552E0049A3F1 /* FrameAndDoorsView.swift in Sources */ = {isa = PBXBuildFile; fileRef = 173EF629290E552E0049A3F1 /* FrameAndDoorsView.swift */; };
		176D3CEE290CE4890053FB73 /* Dodgeball.swift in Sources */ = {isa = PBXBuildFile; fileRef = 176D3CED290CE4890053FB73 /* Dodgeball.swift */; };
		176D3CF0290CEC5D0053FB73 /* HueRotationExample2.swift in Sources */ = {isa = PBXBuildFile; fileRef = 176D3CEF290CEC5D0053FB73 /* HueRotationExample2.swift */; };
		176D3CF2290CF7540053FB73 /* SettingsView.swift in Sources */ = {isa = PBXBuildFile; fileRef = 176D3CF1290CF7540053FB73 /* SettingsView.swift */; };
		176D3CF5290D024B0053FB73 /* HomeClockView.swift in Sources */ = {isa = PBXBuildFile; fileRef = 176D3CF4290D024B0053FB73 /* HomeClockView.swift */; };
		179D3AC229177BC700E0C968 /* BeltView.swift in Sources */ = {isa = PBXBuildFile; fileRef = 179D3AC129177BC700E0C968 /* BeltView.swift */; };
		179D3AC4291781AC00E0C968 /* GearShaftView.swift in Sources */ = {isa = PBXBuildFile; fileRef = 179D3AC3291781AC00E0C968 /* GearShaftView.swift */; };
		179D3AC62917831400E0C968 /* FanView.swift in Sources */ = {isa = PBXBuildFile; fileRef = 179D3AC52917831400E0C968 /* FanView.swift */; };
		17FB16652931DBB3008CCDE6 /* CircleEmitter.swift in Sources */ = {isa = PBXBuildFile; fileRef = 17FB16642931DBB3008CCDE6 /* CircleEmitter.swift */; };
		17FB16672931DCAE008CCDE6 /* ArcView.swift in Sources */ = {isa = PBXBuildFile; fileRef = 17FB16662931DCAE008CCDE6 /* ArcView.swift */; };
		17FB166A2931F497008CCDE6 /* BookLoaderView.swift in Sources */ = {isa = PBXBuildFile; fileRef = 17FB16692931F497008CCDE6 /* BookLoaderView.swift */; };
		17FB166C2931F4EA008CCDE6 /* BookHoldView.swift in Sources */ = {isa = PBXBuildFile; fileRef = 17FB166B2931F4EA008CCDE6 /* BookHoldView.swift */; };
		17FB166E2931F6CE008CCDE6 /* BookPagesView.swift in Sources */ = {isa = PBXBuildFile; fileRef = 17FB166D2931F6CE008CCDE6 /* BookPagesView.swift */; };
/* End PBXBuildFile section */

/* Begin PBXFileReference section */
		1709E8B52920FB1300D0B059 /* LigthSwitchView.swift */ = {isa = PBXFileReference; lastKnownFileType = sourcecode.swift; path = LigthSwitchView.swift; sourceTree = "<group>"; };
		1709E8B8292104FC00D0B059 /* WifiView.swift */ = {isa = PBXFileReference; lastKnownFileType = sourcecode.swift; path = WifiView.swift; sourceTree = "<group>"; };
		1709E8BA2921052100D0B059 /* CirclesView.swift */ = {isa = PBXFileReference; lastKnownFileType = sourcecode.swift; path = CirclesView.swift; sourceTree = "<group>"; };
		170D2BA3291F617C00C16795 /* MakeSomeWaves.swift */ = {isa = PBXFileReference; lastKnownFileType = sourcecode.swift; path = MakeSomeWaves.swift; sourceTree = "<group>"; };
		170D2BA5291F61F300C16795 /* WaveView.swift */ = {isa = PBXFileReference; lastKnownFileType = sourcecode.swift; path = WaveView.swift; sourceTree = "<group>"; };
		170D2BA8291F6E9D00C16795 /* BuoyView.swift */ = {isa = PBXFileReference; lastKnownFileType = sourcecode.swift; path = BuoyView.swift; sourceTree = "<group>"; };
		170D2BAA291F793400C16795 /* HeartAnimate.swift */ = {isa = PBXFileReference; lastKnownFileType = sourcecode.swift; path = HeartAnimate.swift; sourceTree = "<group>"; };
		170D2BAC291F796300C16795 /* HeartShape.swift */ = {isa = PBXFileReference; lastKnownFileType = sourcecode.swift; path = HeartShape.swift; sourceTree = "<group>"; };
		170D2BB0291F843100C16795 /* ExpandView.swift */ = {isa = PBXFileReference; lastKnownFileType = sourcecode.swift; path = ExpandView.swift; sourceTree = "<group>"; };
		170D2BB2291F84B400C16795 /* ExpandingView.swift */ = {isa = PBXFileReference; lastKnownFileType = sourcecode.swift; path = ExpandingView.swift; sourceTree = "<group>"; };
		17160F20293DEA340066A08E /* SwingView.swift */ = {isa = PBXFileReference; lastKnownFileType = sourcecode.swift; path = SwingView.swift; sourceTree = "<group>"; };
		17160F25293DF0AC0066A08E /* Character.swift */ = {isa = PBXFileReference; lastKnownFileType = sourcecode.swift; path = Character.swift; sourceTree = "<group>"; };
		1721D1E32911732100DC3995 /* TwinklingStars.swift */ = {isa = PBXFileReference; lastKnownFileType = sourcecode.swift; path = TwinklingStars.swift; sourceTree = "<group>"; };
		172808782903B28A00A18075 /* PacktSampleSwiftUI.app */ = {isa = PBXFileReference; explicitFileType = wrapper.application; includeInIndex = 0; path = PacktSampleSwiftUI.app; sourceTree = BUILT_PRODUCTS_DIR; };
		1728087B2903B28A00A18075 /* PacktSampleSwiftUIApp.swift */ = {isa = PBXFileReference; lastKnownFileType = sourcecode.swift; path = PacktSampleSwiftUIApp.swift; sourceTree = "<group>"; };
		1728087D2903B28A00A18075 /* MenuView.swift */ = {isa = PBXFileReference; lastKnownFileType = sourcecode.swift; path = MenuView.swift; sourceTree = "<group>"; };
		1728087F2903B28B00A18075 /* Assets.xcassets */ = {isa = PBXFileReference; lastKnownFileType = folder.assetcatalog; path = Assets.xcassets; sourceTree = "<group>"; };
		172808822903B28B00A18075 /* Preview Assets.xcassets */ = {isa = PBXFileReference; lastKnownFileType = folder.assetcatalog; path = "Preview Assets.xcassets"; sourceTree = "<group>"; };
		1728088A2903BF6000A18075 /* ImageExample2.swift */ = {isa = PBXFileReference; lastKnownFileType = sourcecode.swift; path = ImageExample2.swift; sourceTree = "<group>"; };
		1728088D2903C00400A18075 /* CircleAnimation.swift */ = {isa = PBXFileReference; lastKnownFileType = sourcecode.swift; path = CircleAnimation.swift; sourceTree = "<group>"; };
		1728088F2903C60E00A18075 /* RecordPlayer.swift */ = {isa = PBXFileReference; lastKnownFileType = sourcecode.swift; path = RecordPlayer.swift; sourceTree = "<group>"; };
		172808912903C73500A18075 /* RecordPlayerBox.swift */ = {isa = PBXFileReference; lastKnownFileType = sourcecode.swift; path = RecordPlayerBox.swift; sourceTree = "<group>"; };
		172808942903CB8B00A18075 /* Readme.rtf */ = {isa = PBXFileReference; lastKnownFileType = text.rtf; path = Readme.rtf; sourceTree = "<group>"; };
		172808962903CBC200A18075 /* RecordPlayer.xcassets */ = {isa = PBXFileReference; lastKnownFileType = folder.assetcatalog; path = RecordPlayer.xcassets; sourceTree = "<group>"; };
		172808982903CEAF00A18075 /* RecordView.swift */ = {isa = PBXFileReference; lastKnownFileType = sourcecode.swift; path = RecordView.swift; sourceTree = "<group>"; };
		1728089A2903D14700A18075 /* ArmView.swift */ = {isa = PBXFileReference; lastKnownFileType = sourcecode.swift; path = ArmView.swift; sourceTree = "<group>"; };
		1728089C2903D30E00A18075 /* recordMusic.m4a */ = {isa = PBXFileReference; lastKnownFileType = file; path = recordMusic.m4a; sourceTree = "<group>"; };
		1728089D2903D5C100A18075 /* PlayRecordSound.swift */ = {isa = PBXFileReference; lastKnownFileType = sourcecode.swift; path = PlayRecordSound.swift; sourceTree = "<group>"; };
		172CC2F92905260E0059A310 /* HueRotationExample.swift */ = {isa = PBXFileReference; lastKnownFileType = sourcecode.swift; path = HueRotationExample.swift; sourceTree = "<group>"; };
		172CC2FB29052C590059A310 /* BreathingFlower.swift */ = {isa = PBXFileReference; lastKnownFileType = sourcecode.swift; path = BreathingFlower.swift; sourceTree = "<group>"; };
		172CC2FD29053C380059A310 /* PatrioticBird.swift */ = {isa = PBXFileReference; lastKnownFileType = sourcecode.swift; path = PatrioticBird.swift; sourceTree = "<group>"; };
		17342D1429162B8B00EA95F4 /* WeatherUIView.swift */ = {isa = PBXFileReference; lastKnownFileType = sourcecode.swift; path = WeatherUIView.swift; sourceTree = "<group>"; };
		17342D1629162D6B00EA95F4 /* DataWeatherModel.swift */ = {isa = PBXFileReference; lastKnownFileType = sourcecode.swift; path = DataWeatherModel.swift; sourceTree = "<group>"; };
		17342D18291630FF00EA95F4 /* WeatherPickerView.swift */ = {isa = PBXFileReference; lastKnownFileType = sourcecode.swift; path = WeatherPickerView.swift; sourceTree = "<group>"; };
		17342D1A2916352100EA95F4 /* WeeklyGraph.swift */ = {isa = PBXFileReference; lastKnownFileType = sourcecode.swift; path = WeeklyGraph.swift; sourceTree = "<group>"; };
		17342D1C2916499C00EA95F4 /* SunMoonToggleView.swift */ = {isa = PBXFileReference; lastKnownFileType = sourcecode.swift; path = SunMoonToggleView.swift; sourceTree = "<group>"; };
		17342D232916554300EA95F4 /* elevatorChime.m4a */ = {isa = PBXFileReference; lastKnownFileType = file; name = elevatorChime.m4a; path = Images/Elevator/elevatorChime.m4a; sourceTree = SOURCE_ROOT; };
		17342D252916554C00EA95F4 /* doorsOpenClose.m4a */ = {isa = PBXFileReference; lastKnownFileType = file; name = doorsOpenClose.m4a; path = Images/Elevator/doorsOpenClose.m4a; sourceTree = SOURCE_ROOT; };
		17342D28291655EB00EA95F4 /* GearsAndBelts.swift */ = {isa = PBXFileReference; lastKnownFileType = sourcecode.swift; path = GearsAndBelts.swift; sourceTree = "<group>"; };
		17342D2A291656F600EA95F4 /* GearsAndBelts.xcassets */ = {isa = PBXFileReference; lastKnownFileType = folder.assetcatalog; path = GearsAndBelts.xcassets; sourceTree = "<group>"; };
		17342D2C2916576A00EA95F4 /* GearView.swift */ = {isa = PBXFileReference; lastKnownFileType = sourcecode.swift; path = GearView.swift; sourceTree = "<group>"; };
		17342D2E29165D7100EA95F4 /* WormGearView.swift */ = {isa = PBXFileReference; lastKnownFileType = sourcecode.swift; path = WormGearView.swift; sourceTree = "<group>"; };
		173EF622290E4B660049A3F1 /* ParallaxEffect.swift */ = {isa = PBXFileReference; lastKnownFileType = sourcecode.swift; path = ParallaxEffect.swift; sourceTree = "<group>"; };
		173EF624290E51800049A3F1 /* Elevator.swift */ = {isa = PBXFileReference; lastKnownFileType = sourcecode.swift; path = Elevator.swift; sourceTree = "<group>"; };
		173EF629290E552E0049A3F1 /* FrameAndDoorsView.swift */ = {isa = PBXFileReference; lastKnownFileType = sourcecode.swift; path = FrameAndDoorsView.swift; sourceTree = "<group>"; };
		176D3CED290CE4890053FB73 /* Dodgeball.swift */ = {isa = PBXFileReference; lastKnownFileType = sourcecode.swift; path = Dodgeball.swift; sourceTree = "<group>"; };
		176D3CEF290CEC5D0053FB73 /* HueRotationExample2.swift */ = {isa = PBXFileReference; lastKnownFileType = sourcecode.swift; path = HueRotationExample2.swift; sourceTree = "<group>"; };
		176D3CF1290CF7540053FB73 /* SettingsView.swift */ = {isa = PBXFileReference; lastKnownFileType = sourcecode.swift; path = SettingsView.swift; sourceTree = "<group>"; };
		176D3CF4290D024B0053FB73 /* HomeClockView.swift */ = {isa = PBXFileReference; lastKnownFileType = sourcecode.swift; path = HomeClockView.swift; sourceTree = "<group>"; };
		179D3AC129177BC700E0C968 /* BeltView.swift */ = {isa = PBXFileReference; lastKnownFileType = sourcecode.swift; path = BeltView.swift; sourceTree = "<group>"; };
		179D3AC3291781AC00E0C968 /* GearShaftView.swift */ = {isa = PBXFileReference; lastKnownFileType = sourcecode.swift; path = GearShaftView.swift; sourceTree = "<group>"; };
		179D3AC52917831400E0C968 /* FanView.swift */ = {isa = PBXFileReference; lastKnownFileType = sourcecode.swift; path = FanView.swift; sourceTree = "<group>"; };
		17FB16642931DBB3008CCDE6 /* CircleEmitter.swift */ = {isa = PBXFileReference; lastKnownFileType = sourcecode.swift; path = CircleEmitter.swift; sourceTree = "<group>"; };
		17FB16662931DCAE008CCDE6 /* ArcView.swift */ = {isa = PBXFileReference; lastKnownFileType = sourcecode.swift; path = ArcView.swift; sourceTree = "<group>"; };
		17FB16692931F497008CCDE6 /* BookLoaderView.swift */ = {isa = PBXFileReference; lastKnownFileType = sourcecode.swift; path = BookLoaderView.swift; sourceTree = "<group>"; };
		17FB166B2931F4EA008CCDE6 /* BookHoldView.swift */ = {isa = PBXFileReference; lastKnownFileType = sourcecode.swift; path = BookHoldView.swift; sourceTree = "<group>"; };
		17FB166D2931F6CE008CCDE6 /* BookPagesView.swift */ = {isa = PBXFileReference; lastKnownFileType = sourcecode.swift; path = BookPagesView.swift; sourceTree = "<group>"; };
/* End PBXFileReference section */

/* Begin PBXFrameworksBuildPhase section */
		172808752903B28A00A18075 /* Frameworks */ = {
			isa = PBXFrameworksBuildPhase;
			buildActionMask = 2147483647;
			files = (
				17342D2029164D1600EA95F4 /* SunMoonToggleStyle in Frameworks */,
			);
			runOnlyForDeploymentPostprocessing = 0;
		};
/* End PBXFrameworksBuildPhase section */

/* Begin PBXGroup section */
		1709E8B7292104C900D0B059 /* Wifi Loading animation */ = {
			isa = PBXGroup;
			children = (
				1709E8B8292104FC00D0B059 /* WifiView.swift */,
				1709E8BA2921052100D0B059 /* CirclesView.swift */,
				17FB16642931DBB3008CCDE6 /* CircleEmitter.swift */,
				17FB16662931DCAE008CCDE6 /* ArcView.swift */,
			);
			path = "Wifi Loading animation";
			sourceTree = "<group>";
		};
		170D2BA7291F61FE00C16795 /* MMake some Waves */ = {
			isa = PBXGroup;
			children = (
				170D2BA3291F617C00C16795 /* MakeSomeWaves.swift */,
				170D2BA8291F6E9D00C16795 /* BuoyView.swift */,
				170D2BA5291F61F300C16795 /* WaveView.swift */,
			);
			path = "MMake some Waves";
			sourceTree = "<group>";
		};
		170D2BAE291F796B00C16795 /* Heart Animate */ = {
			isa = PBXGroup;
			children = (
				170D2BAA291F793400C16795 /* HeartAnimate.swift */,
				170D2BAC291F796300C16795 /* HeartShape.swift */,
			);
			path = "Heart Animate";
			sourceTree = "<group>";
		};
		170D2BAF291F840100C16795 /* Expand View */ = {
			isa = PBXGroup;
			children = (
				170D2BB0291F843100C16795 /* ExpandView.swift */,
				170D2BB2291F84B400C16795 /* ExpandingView.swift */,
			);
			path = "Expand View";
			sourceTree = "<group>";
		};
		17160F1F293DE9D50066A08E /* Swing */ = {
			isa = PBXGroup;
			children = (
				17160F20293DEA340066A08E /* SwingView.swift */,
			);
			path = Swing;
			sourceTree = "<group>";
		};
		17160F24293DF0940066A08E /* Model */ = {
			isa = PBXGroup;
			children = (
				17160F25293DF0AC0066A08E /* Character.swift */,
			);
			path = Model;
			sourceTree = "<group>";
		};
		1728086F2903B28A00A18075 = {
			isa = PBXGroup;
			children = (
				1728087A2903B28A00A18075 /* PacktSampleSwiftUI */,
				172808792903B28A00A18075 /* Products */,
			);
			sourceTree = "<group>";
		};
		172808792903B28A00A18075 /* Products */ = {
			isa = PBXGroup;
			children = (
				172808782903B28A00A18075 /* PacktSampleSwiftUI.app */,
			);
			name = Products;
			sourceTree = "<group>";
		};
		1728087A2903B28A00A18075 /* PacktSampleSwiftUI */ = {
			isa = PBXGroup;
			children = (
				172808942903CB8B00A18075 /* Readme.rtf */,
				1728087B2903B28A00A18075 /* PacktSampleSwiftUIApp.swift */,
				173EF62D290E58B80049A3F1 /* CommonFiles */,
				1728089F2903DB9A00A18075 /* Menu */,
				172808892903BF3500A18075 /* ExampleImage */,
				1728088C2903BFC600A18075 /* Animaciones */,
				1728087F2903B28B00A18075 /* Assets.xcassets */,
				172808812903B28B00A18075 /* Preview Content */,
			);
			path = PacktSampleSwiftUI;
			sourceTree = "<group>";
		};
		172808812903B28B00A18075 /* Preview Content */ = {
			isa = PBXGroup;
			children = (
				172808822903B28B00A18075 /* Preview Assets.xcassets */,
			);
			path = "Preview Content";
			sourceTree = "<group>";
		};
		172808892903BF3500A18075 /* ExampleImage */ = {
			isa = PBXGroup;
			children = (
				1728088A2903BF6000A18075 /* ImageExample2.swift */,
			);
			path = ExampleImage;
			sourceTree = "<group>";
		};
		1728088C2903BFC600A18075 /* Animaciones */ = {
			isa = PBXGroup;
			children = (
				1728088D2903C00400A18075 /* CircleAnimation.swift */,
				172CC2F92905260E0059A310 /* HueRotationExample.swift */,
				176D3CEF290CEC5D0053FB73 /* HueRotationExample2.swift */,
				172808932903C74400A18075 /* Record Player */,
				172CC2FB29052C590059A310 /* BreathingFlower.swift */,
				172CC2FD29053C380059A310 /* PatrioticBird.swift */,
				176D3CED290CE4890053FB73 /* Dodgeball.swift */,
				176D3CF3290CFC330053FB73 /* TransitionViews */,
				173EF622290E4B660049A3F1 /* ParallaxEffect.swift */,
				173EF626290E52BC0049A3F1 /* Elevator Example */,
				17160F1F293DE9D50066A08E /* Swing */,
				1721D1E32911732100DC3995 /* TwinklingStars.swift */,
				17342D1329162B4300EA95F4 /* WeatherUI */,
				17342D27291655CE00EA95F4 /* GearsAndBelts */,
				170D2BA7291F61FE00C16795 /* MMake some Waves */,
				170D2BAE291F796B00C16795 /* Heart Animate */,
				170D2BAF291F840100C16795 /* Expand View */,
				1709E8B52920FB1300D0B059 /* LigthSwitchView.swift */,
				1709E8B7292104C900D0B059 /* Wifi Loading animation */,
				17FB16682931F467008CCDE6 /* Book Animation */,
			);
			path = Animaciones;
			sourceTree = "<group>";
		};
		172808932903C74400A18075 /* Record Player */ = {
			isa = PBXGroup;
			children = (
				172808962903CBC200A18075 /* RecordPlayer.xcassets */,
				1728089C2903D30E00A18075 /* recordMusic.m4a */,
				1728088F2903C60E00A18075 /* RecordPlayer.swift */,
				1728089A2903D14700A18075 /* ArmView.swift */,
				172808912903C73500A18075 /* RecordPlayerBox.swift */,
				172808982903CEAF00A18075 /* RecordView.swift */,
			);
			path = "Record Player";
			sourceTree = "<group>";
		};
		1728089F2903DB9A00A18075 /* Menu */ = {
			isa = PBXGroup;
			children = (
				17160F24293DF0940066A08E /* Model */,
				1728087D2903B28A00A18075 /* MenuView.swift */,
			);
			path = Menu;
			sourceTree = "<group>";
		};
		17342D1329162B4300EA95F4 /* WeatherUI */ = {
			isa = PBXGroup;
			children = (
				17342D1429162B8B00EA95F4 /* WeatherUIView.swift */,
				17342D1A2916352100EA95F4 /* WeeklyGraph.swift */,
				17342D18291630FF00EA95F4 /* WeatherPickerView.swift */,
				17342D1629162D6B00EA95F4 /* DataWeatherModel.swift */,
				17342D1C2916499C00EA95F4 /* SunMoonToggleView.swift */,
			);
			path = WeatherUI;
			sourceTree = "<group>";
		};
		17342D27291655CE00EA95F4 /* GearsAndBelts */ = {
			isa = PBXGroup;
			children = (
				17342D28291655EB00EA95F4 /* GearsAndBelts.swift */,
				17342D2C2916576A00EA95F4 /* GearView.swift */,
				17342D2E29165D7100EA95F4 /* WormGearView.swift */,
				179D3AC129177BC700E0C968 /* BeltView.swift */,
				179D3AC3291781AC00E0C968 /* GearShaftView.swift */,
				179D3AC52917831400E0C968 /* FanView.swift */,
				17342D2A291656F600EA95F4 /* GearsAndBelts.xcassets */,
			);
			path = GearsAndBelts;
			sourceTree = "<group>";
		};
		173EF626290E52BC0049A3F1 /* Elevator Example */ = {
			isa = PBXGroup;
			children = (
				17342D252916554C00EA95F4 /* doorsOpenClose.m4a */,
				17342D232916554300EA95F4 /* elevatorChime.m4a */,
				173EF624290E51800049A3F1 /* Elevator.swift */,
				173EF629290E552E0049A3F1 /* FrameAndDoorsView.swift */,
			);
			path = "Elevator Example";
			sourceTree = "<group>";
		};
		173EF62D290E58B80049A3F1 /* CommonFiles */ = {
			isa = PBXGroup;
			children = (
				1728089D2903D5C100A18075 /* PlayRecordSound.swift */,
			);
			path = CommonFiles;
			sourceTree = "<group>";
		};
		176D3CF3290CFC330053FB73 /* TransitionViews */ = {
			isa = PBXGroup;
			children = (
				176D3CF4290D024B0053FB73 /* HomeClockView.swift */,
				176D3CF1290CF7540053FB73 /* SettingsView.swift */,
			);
			path = TransitionViews;
			sourceTree = "<group>";
		};
		17FB16682931F467008CCDE6 /* Book Animation */ = {
			isa = PBXGroup;
			children = (
				17FB16692931F497008CCDE6 /* BookLoaderView.swift */,
				17FB166B2931F4EA008CCDE6 /* BookHoldView.swift */,
				17FB166D2931F6CE008CCDE6 /* BookPagesView.swift */,
			);
			path = "Book Animation";
			sourceTree = "<group>";
		};
/* End PBXGroup section */

/* Begin PBXNativeTarget section */
		172808772903B28A00A18075 /* PacktSampleSwiftUI */ = {
			isa = PBXNativeTarget;
			buildConfigurationList = 172808862903B28B00A18075 /* Build configuration list for PBXNativeTarget "PacktSampleSwiftUI" */;
			buildPhases = (
				172808742903B28A00A18075 /* Sources */,
				172808752903B28A00A18075 /* Frameworks */,
				172808762903B28A00A18075 /* Resources */,
			);
			buildRules = (
			);
			dependencies = (
			);
			name = PacktSampleSwiftUI;
			packageProductDependencies = (
				17342D1F29164D1600EA95F4 /* SunMoonToggleStyle */,
			);
			productName = PacktSampleSwiftUI;
			productReference = 172808782903B28A00A18075 /* PacktSampleSwiftUI.app */;
			productType = "com.apple.product-type.application";
		};
/* End PBXNativeTarget section */

/* Begin PBXProject section */
		172808702903B28A00A18075 /* Project object */ = {
			isa = PBXProject;
			attributes = {
				BuildIndependentTargetsInParallel = 1;
				LastSwiftUpdateCheck = 1400;
				LastUpgradeCheck = 1400;
				TargetAttributes = {
					172808772903B28A00A18075 = {
						CreatedOnToolsVersion = 14.0.1;
					};
				};
			};
			buildConfigurationList = 172808732903B28A00A18075 /* Build configuration list for PBXProject "PacktSampleSwiftUI" */;
			compatibilityVersion = "Xcode 14.0";
			developmentRegion = en;
			hasScannedForEncodings = 0;
			knownRegions = (
				en,
				Base,
			);
			mainGroup = 1728086F2903B28A00A18075;
			packageReferences = (
				17342D1E29164D1600EA95F4 /* XCRemoteSwiftPackageReference "SunMoonToggleStyle" */,
			);
			productRefGroup = 172808792903B28A00A18075 /* Products */;
			projectDirPath = "";
			projectRoot = "";
			targets = (
				172808772903B28A00A18075 /* PacktSampleSwiftUI */,
			);
		};
/* End PBXProject section */

/* Begin PBXResourcesBuildPhase section */
		172808762903B28A00A18075 /* Resources */ = {
			isa = PBXResourcesBuildPhase;
			buildActionMask = 2147483647;
			files = (
				172808952903CB8B00A18075 /* Readme.rtf in Resources */,
				17342D2B291656F600EA95F4 /* GearsAndBelts.xcassets in Resources */,
				17342D242916554300EA95F4 /* elevatorChime.m4a in Resources */,
				172808972903CBC200A18075 /* RecordPlayer.xcassets in Resources */,
				172808A22903DEA500A18075 /* recordMusic.m4a in Resources */,
				172808832903B28B00A18075 /* Preview Assets.xcassets in Resources */,
				172808802903B28B00A18075 /* Assets.xcassets in Resources */,
				17342D262916554C00EA95F4 /* doorsOpenClose.m4a in Resources */,
			);
			runOnlyForDeploymentPostprocessing = 0;
		};
/* End PBXResourcesBuildPhase section */

/* Begin PBXSourcesBuildPhase section */
		172808742903B28A00A18075 /* Sources */ = {
			isa = PBXSourcesBuildPhase;
			buildActionMask = 2147483647;
			files = (
				1728089E2903D5C100A18075 /* PlayRecordSound.swift in Sources */,
				17342D2D2916576A00EA95F4 /* GearView.swift in Sources */,
				17160F21293DEA340066A08E /* SwingView.swift in Sources */,
				172808902903C60E00A18075 /* RecordPlayer.swift in Sources */,
				17342D1D2916499C00EA95F4 /* SunMoonToggleView.swift in Sources */,
				173EF623290E4B660049A3F1 /* ParallaxEffect.swift in Sources */,
				170D2BB3291F84B400C16795 /* ExpandingView.swift in Sources */,
				172CC2FE29053C380059A310 /* PatrioticBird.swift in Sources */,
				170D2BA4291F617C00C16795 /* MakeSomeWaves.swift in Sources */,
				17FB16672931DCAE008CCDE6 /* ArcView.swift in Sources */,
				17FB16652931DBB3008CCDE6 /* CircleEmitter.swift in Sources */,
				17FB166C2931F4EA008CCDE6 /* BookHoldView.swift in Sources */,
				1728087E2903B28A00A18075 /* MenuView.swift in Sources */,
				17342D19291630FF00EA95F4 /* WeatherPickerView.swift in Sources */,
				172CC2FA2905260E0059A310 /* HueRotationExample.swift in Sources */,
				17342D1B2916352100EA95F4 /* WeeklyGraph.swift in Sources */,
				1728087C2903B28A00A18075 /* PacktSampleSwiftUIApp.swift in Sources */,
				170D2BAD291F796300C16795 /* HeartShape.swift in Sources */,
				17FB166A2931F497008CCDE6 /* BookLoaderView.swift in Sources */,
				1728089B2903D14700A18075 /* ArmView.swift in Sources */,
				176D3CF2290CF7540053FB73 /* SettingsView.swift in Sources */,
				172808992903CEAF00A18075 /* RecordView.swift in Sources */,
				179D3AC62917831400E0C968 /* FanView.swift in Sources */,
				176D3CEE290CE4890053FB73 /* Dodgeball.swift in Sources */,
				1709E8B9292104FC00D0B059 /* WifiView.swift in Sources */,
				17342D1529162B8B00EA95F4 /* WeatherUIView.swift in Sources */,
				170D2BB1291F843100C16795 /* ExpandView.swift in Sources */,
				179D3AC4291781AC00E0C968 /* GearShaftView.swift in Sources */,
				172CC2FC29052C590059A310 /* BreathingFlower.swift in Sources */,
				176D3CF0290CEC5D0053FB73 /* HueRotationExample2.swift in Sources */,
				1728088E2903C00400A18075 /* CircleAnimation.swift in Sources */,
				170D2BA6291F61F300C16795 /* WaveView.swift in Sources */,
				173EF62A290E552E0049A3F1 /* FrameAndDoorsView.swift in Sources */,
				1709E8BB2921052100D0B059 /* CirclesView.swift in Sources */,
				1721D1E42911732100DC3995 /* TwinklingStars.swift in Sources */,
				17342D1729162D6B00EA95F4 /* DataWeatherModel.swift in Sources */,
				1728088B2903BF6000A18075 /* ImageExample2.swift in Sources */,
				179D3AC229177BC700E0C968 /* BeltView.swift in Sources */,
				176D3CF5290D024B0053FB73 /* HomeClockView.swift in Sources */,
				17160F26293DF0AC0066A08E /* Character.swift in Sources */,
				17342D2F29165D7100EA95F4 /* WormGearView.swift in Sources */,
				172808922903C73500A18075 /* RecordPlayerBox.swift in Sources */,
				1709E8B62920FB1300D0B059 /* LigthSwitchView.swift in Sources */,
				170D2BAB291F793400C16795 /* HeartAnimate.swift in Sources */,
				173EF625290E51800049A3F1 /* Elevator.swift in Sources */,
				17342D29291655EB00EA95F4 /* GearsAndBelts.swift in Sources */,
				17FB166E2931F6CE008CCDE6 /* BookPagesView.swift in Sources */,
				170D2BA9291F6E9D00C16795 /* BuoyView.swift in Sources */,
			);
			runOnlyForDeploymentPostprocessing = 0;
		};
/* End PBXSourcesBuildPhase section */

/* Begin XCBuildConfiguration section */
		172808842903B28B00A18075 /* Debug */ = {
			isa = XCBuildConfiguration;
			buildSettings = {
				ALWAYS_SEARCH_USER_PATHS = NO;
				CLANG_ANALYZER_NONNULL = YES;
				CLANG_ANALYZER_NUMBER_OBJECT_CONVERSION = YES_AGGRESSIVE;
				CLANG_CXX_LANGUAGE_STANDARD = "gnu++20";
				CLANG_ENABLE_MODULES = YES;
				CLANG_ENABLE_OBJC_ARC = YES;
				CLANG_ENABLE_OBJC_WEAK = YES;
				CLANG_WARN_BLOCK_CAPTURE_AUTORELEASING = YES;
				CLANG_WARN_BOOL_CONVERSION = YES;
				CLANG_WARN_COMMA = YES;
				CLANG_WARN_CONSTANT_CONVERSION = YES;
				CLANG_WARN_DEPRECATED_OBJC_IMPLEMENTATIONS = YES;
				CLANG_WARN_DIRECT_OBJC_ISA_USAGE = YES_ERROR;
				CLANG_WARN_DOCUMENTATION_COMMENTS = YES;
				CLANG_WARN_EMPTY_BODY = YES;
				CLANG_WARN_ENUM_CONVERSION = YES;
				CLANG_WARN_INFINITE_RECURSION = YES;
				CLANG_WARN_INT_CONVERSION = YES;
				CLANG_WARN_NON_LITERAL_NULL_CONVERSION = YES;
				CLANG_WARN_OBJC_IMPLICIT_RETAIN_SELF = YES;
				CLANG_WARN_OBJC_LITERAL_CONVERSION = YES;
				CLANG_WARN_OBJC_ROOT_CLASS = YES_ERROR;
				CLANG_WARN_QUOTED_INCLUDE_IN_FRAMEWORK_HEADER = YES;
				CLANG_WARN_RANGE_LOOP_ANALYSIS = YES;
				CLANG_WARN_STRICT_PROTOTYPES = YES;
				CLANG_WARN_SUSPICIOUS_MOVE = YES;
				CLANG_WARN_UNGUARDED_AVAILABILITY = YES_AGGRESSIVE;
				CLANG_WARN_UNREACHABLE_CODE = YES;
				CLANG_WARN__DUPLICATE_METHOD_MATCH = YES;
				COPY_PHASE_STRIP = NO;
				DEBUG_INFORMATION_FORMAT = dwarf;
				ENABLE_STRICT_OBJC_MSGSEND = YES;
				ENABLE_TESTABILITY = YES;
				GCC_C_LANGUAGE_STANDARD = gnu11;
				GCC_DYNAMIC_NO_PIC = NO;
				GCC_NO_COMMON_BLOCKS = YES;
				GCC_OPTIMIZATION_LEVEL = 0;
				GCC_PREPROCESSOR_DEFINITIONS = (
					"DEBUG=1",
					"$(inherited)",
				);
				GCC_WARN_64_TO_32_BIT_CONVERSION = YES;
				GCC_WARN_ABOUT_RETURN_TYPE = YES_ERROR;
				GCC_WARN_UNDECLARED_SELECTOR = YES;
				GCC_WARN_UNINITIALIZED_AUTOS = YES_AGGRESSIVE;
				GCC_WARN_UNUSED_FUNCTION = YES;
				GCC_WARN_UNUSED_VARIABLE = YES;
				IPHONEOS_DEPLOYMENT_TARGET = 14.2;
				MTL_ENABLE_DEBUG_INFO = INCLUDE_SOURCE;
				MTL_FAST_MATH = YES;
				ONLY_ACTIVE_ARCH = YES;
				SDKROOT = iphoneos;
				SWIFT_ACTIVE_COMPILATION_CONDITIONS = DEBUG;
				SWIFT_OPTIMIZATION_LEVEL = "-Onone";
			};
			name = Debug;
		};
		172808852903B28B00A18075 /* Release */ = {
			isa = XCBuildConfiguration;
			buildSettings = {
				ALWAYS_SEARCH_USER_PATHS = NO;
				CLANG_ANALYZER_NONNULL = YES;
				CLANG_ANALYZER_NUMBER_OBJECT_CONVERSION = YES_AGGRESSIVE;
				CLANG_CXX_LANGUAGE_STANDARD = "gnu++20";
				CLANG_ENABLE_MODULES = YES;
				CLANG_ENABLE_OBJC_ARC = YES;
				CLANG_ENABLE_OBJC_WEAK = YES;
				CLANG_WARN_BLOCK_CAPTURE_AUTORELEASING = YES;
				CLANG_WARN_BOOL_CONVERSION = YES;
				CLANG_WARN_COMMA = YES;
				CLANG_WARN_CONSTANT_CONVERSION = YES;
				CLANG_WARN_DEPRECATED_OBJC_IMPLEMENTATIONS = YES;
				CLANG_WARN_DIRECT_OBJC_ISA_USAGE = YES_ERROR;
				CLANG_WARN_DOCUMENTATION_COMMENTS = YES;
				CLANG_WARN_EMPTY_BODY = YES;
				CLANG_WARN_ENUM_CONVERSION = YES;
				CLANG_WARN_INFINITE_RECURSION = YES;
				CLANG_WARN_INT_CONVERSION = YES;
				CLANG_WARN_NON_LITERAL_NULL_CONVERSION = YES;
				CLANG_WARN_OBJC_IMPLICIT_RETAIN_SELF = YES;
				CLANG_WARN_OBJC_LITERAL_CONVERSION = YES;
				CLANG_WARN_OBJC_ROOT_CLASS = YES_ERROR;
				CLANG_WARN_QUOTED_INCLUDE_IN_FRAMEWORK_HEADER = YES;
				CLANG_WARN_RANGE_LOOP_ANALYSIS = YES;
				CLANG_WARN_STRICT_PROTOTYPES = YES;
				CLANG_WARN_SUSPICIOUS_MOVE = YES;
				CLANG_WARN_UNGUARDED_AVAILABILITY = YES_AGGRESSIVE;
				CLANG_WARN_UNREACHABLE_CODE = YES;
				CLANG_WARN__DUPLICATE_METHOD_MATCH = YES;
				COPY_PHASE_STRIP = NO;
				DEBUG_INFORMATION_FORMAT = "dwarf-with-dsym";
				ENABLE_NS_ASSERTIONS = NO;
				ENABLE_STRICT_OBJC_MSGSEND = YES;
				GCC_C_LANGUAGE_STANDARD = gnu11;
				GCC_NO_COMMON_BLOCKS = YES;
				GCC_WARN_64_TO_32_BIT_CONVERSION = YES;
				GCC_WARN_ABOUT_RETURN_TYPE = YES_ERROR;
				GCC_WARN_UNDECLARED_SELECTOR = YES;
				GCC_WARN_UNINITIALIZED_AUTOS = YES_AGGRESSIVE;
				GCC_WARN_UNUSED_FUNCTION = YES;
				GCC_WARN_UNUSED_VARIABLE = YES;
				IPHONEOS_DEPLOYMENT_TARGET = 14.2;
				MTL_ENABLE_DEBUG_INFO = NO;
				MTL_FAST_MATH = YES;
				SDKROOT = iphoneos;
				SWIFT_COMPILATION_MODE = wholemodule;
				SWIFT_OPTIMIZATION_LEVEL = "-O";
				VALIDATE_PRODUCT = YES;
			};
			name = Release;
		};
		172808872903B28B00A18075 /* Debug */ = {
			isa = XCBuildConfiguration;
			buildSettings = {
				ASSETCATALOG_COMPILER_APPICON_NAME = AppIcon;
				ASSETCATALOG_COMPILER_GLOBAL_ACCENT_COLOR_NAME = AccentColor;
				CODE_SIGN_STYLE = Automatic;
				CURRENT_PROJECT_VERSION = 1;
				DEVELOPMENT_ASSET_PATHS = "\"PacktSampleSwiftUI/Preview Content\"";
				ENABLE_PREVIEWS = YES;
				GENERATE_INFOPLIST_FILE = YES;
				INFOPLIST_KEY_UIApplicationSceneManifest_Generation = YES;
				INFOPLIST_KEY_UIApplicationSupportsIndirectInputEvents = YES;
				INFOPLIST_KEY_UILaunchScreen_Generation = YES;
				INFOPLIST_KEY_UISupportedInterfaceOrientations_iPad = "UIInterfaceOrientationPortrait UIInterfaceOrientationPortraitUpsideDown UIInterfaceOrientationLandscapeLeft UIInterfaceOrientationLandscapeRight";
				INFOPLIST_KEY_UISupportedInterfaceOrientations_iPhone = "UIInterfaceOrientationPortrait UIInterfaceOrientationLandscapeLeft UIInterfaceOrientationLandscapeRight";
				LD_RUNPATH_SEARCH_PATHS = (
					"$(inherited)",
					"@executable_path/Frameworks",
				);
				MARKETING_VERSION = 1.0;
				PRODUCT_BUNDLE_IDENTIFIER = marcos.suarez.es.PacktSampleSwiftUI;
				PRODUCT_NAME = "$(TARGET_NAME)";
				SUPPORTED_PLATFORMS = "iphoneos iphonesimulator";
				SUPPORTS_MACCATALYST = NO;
				SUPPORTS_MAC_DESIGNED_FOR_IPHONE_IPAD = NO;
				SWIFT_EMIT_LOC_STRINGS = YES;
				SWIFT_VERSION = 5.0;
				TARGETED_DEVICE_FAMILY = 1;
			};
			name = Debug;
		};
		172808882903B28B00A18075 /* Release */ = {
			isa = XCBuildConfiguration;
			buildSettings = {
				ASSETCATALOG_COMPILER_APPICON_NAME = AppIcon;
				ASSETCATALOG_COMPILER_GLOBAL_ACCENT_COLOR_NAME = AccentColor;
				CODE_SIGN_STYLE = Automatic;
				CURRENT_PROJECT_VERSION = 1;
				DEVELOPMENT_ASSET_PATHS = "\"PacktSampleSwiftUI/Preview Content\"";
				ENABLE_PREVIEWS = YES;
				GENERATE_INFOPLIST_FILE = YES;
				INFOPLIST_KEY_UIApplicationSceneManifest_Generation = YES;
				INFOPLIST_KEY_UIApplicationSupportsIndirectInputEvents = YES;
				INFOPLIST_KEY_UILaunchScreen_Generation = YES;
				INFOPLIST_KEY_UISupportedInterfaceOrientations_iPad = "UIInterfaceOrientationPortrait UIInterfaceOrientationPortraitUpsideDown UIInterfaceOrientationLandscapeLeft UIInterfaceOrientationLandscapeRight";
				INFOPLIST_KEY_UISupportedInterfaceOrientations_iPhone = "UIInterfaceOrientationPortrait UIInterfaceOrientationLandscapeLeft UIInterfaceOrientationLandscapeRight";
				LD_RUNPATH_SEARCH_PATHS = (
					"$(inherited)",
					"@executable_path/Frameworks",
				);
				MARKETING_VERSION = 1.0;
				PRODUCT_BUNDLE_IDENTIFIER = marcos.suarez.es.PacktSampleSwiftUI;
				PRODUCT_NAME = "$(TARGET_NAME)";
				SUPPORTED_PLATFORMS = "iphoneos iphonesimulator";
				SUPPORTS_MACCATALYST = NO;
				SUPPORTS_MAC_DESIGNED_FOR_IPHONE_IPAD = NO;
				SWIFT_EMIT_LOC_STRINGS = YES;
				SWIFT_VERSION = 5.0;
				TARGETED_DEVICE_FAMILY = 1;
			};
			name = Release;
		};
/* End XCBuildConfiguration section */

/* Begin XCConfigurationList section */
		172808732903B28A00A18075 /* Build configuration list for PBXProject "PacktSampleSwiftUI" */ = {
			isa = XCConfigurationList;
			buildConfigurations = (
				172808842903B28B00A18075 /* Debug */,
				172808852903B28B00A18075 /* Release */,
			);
			defaultConfigurationIsVisible = 0;
			defaultConfigurationName = Release;
		};
		172808862903B28B00A18075 /* Build configuration list for PBXNativeTarget "PacktSampleSwiftUI" */ = {
			isa = XCConfigurationList;
			buildConfigurations = (
				172808872903B28B00A18075 /* Debug */,
				172808882903B28B00A18075 /* Release */,
			);
			defaultConfigurationIsVisible = 0;
			defaultConfigurationName = Release;
		};
/* End XCConfigurationList section */

/* Begin XCRemoteSwiftPackageReference section */
		17342D1E29164D1600EA95F4 /* XCRemoteSwiftPackageReference "SunMoonToggleStyle" */ = {
			isa = XCRemoteSwiftPackageReference;
			repositoryURL = "https://github.com/puthnith/SunMoonToggleStyle";
			requirement = {
				kind = upToNextMajorVersion;
				minimumVersion = 0.0.2;
			};
		};
/* End XCRemoteSwiftPackageReference section */

/* Begin XCSwiftPackageProductDependency section */
		17342D1F29164D1600EA95F4 /* SunMoonToggleStyle */ = {
			isa = XCSwiftPackageProductDependency;
			package = 17342D1E29164D1600EA95F4 /* XCRemoteSwiftPackageReference "SunMoonToggleStyle" */;
			productName = SunMoonToggleStyle;
		};
/* End XCSwiftPackageProductDependency section */
	};
	rootObject = 172808702903B28A00A18075 /* Project object */;
}
